<?xml version="1.0" encoding="utf-8"?>
<Project ToolsVersion="4.0" xmlns="http://schemas.microsoft.com/developer/msbuild/2003">
  <ItemGroup>
    <Filter Include="include">
      <UniqueIdentifier>{64798698-4024-4fcb-873b-df1c1bfb0c54}</UniqueIdentifier>
    </Filter>
    <Filter Include="assets">
      <UniqueIdentifier>{a8cd0230-54d8-406e-bec5-2c307b5293e7}</UniqueIdentifier>
    </Filter>
    <Filter Include="assets\items">
      <UniqueIdentifier>{97af7a13-8a99-4d23-9bbd-48457fbf8cbf}</UniqueIdentifier>
    </Filter>
    <Filter Include="include\items">
      <UniqueIdentifier>{9986bc88-58e4-49f7-aef4-125cc7f4afc1}</UniqueIdentifier>
    </Filter>
    <Filter Include="assets\items\tools">
      <UniqueIdentifier>{4f85eb07-feff-4c6e-a445-3a3c6f650ed5}</UniqueIdentifier>
    </Filter>
    <Filter Include="assets\interfaces">
      <UniqueIdentifier>{cc85333c-478e-4a58-8d7b-b30ee349f3be}</UniqueIdentifier>
    </Filter>
    <Filter Include="include\items\tools">
      <UniqueIdentifier>{fda85dc8-2c19-4469-a710-7d4f406f973a}</UniqueIdentifier>
    </Filter>
    <Filter Include="include\interfaces">
      <UniqueIdentifier>{43f9853b-fac2-42ec-8309-1b45d4ce4c9f}</UniqueIdentifier>
    </Filter>
    <Filter Include="data">
      <UniqueIdentifier>{b2e1f3c7-9d4a-4e8f-a6b5-3c7d2e1f9a8b}</UniqueIdentifier>
    </Filter>
  </ItemGroup>
  <ItemGroup>
    <ClCompile Include="assets\items\tools\Axe.cpp">
      <Filter>assets\items\tools</Filter>
    </ClCompile>
    <ClCompile Include="assets\Player.cpp">
      <Filter>assets</Filter>
    </ClCompile>
    <ClCompile Include="BarryTheBenchMaker.cpp" />
    <ClCompile Include="assets\items\Cake.cpp">
      <Filter>assets\items</Filter>
    </ClCompile>
    <ClCompile Include="assets\interfaces\Material.cpp">
      <Filter>assets\interfaces</Filter>
    </ClCompile>
    <ClCompile Include="assets\interfaces\Craftable.cpp">
      <Filter>assets\interfaces</Filter>
    </ClCompile>
    <ClCompile Include="assets\interfaces\Item.cpp">
      <Filter>assets\interfaces</Filter>
    </ClCompile>
    <ClCompile Include="assets\items\tools\Sword.cpp">
      <Filter>assets\items\tools</Filter>
    </ClCompile>
    <ClCompile Include="assets\interfaces\Tool.cpp">
      <Filter>assets\interfaces</Filter>
    </ClCompile>
    <ClCompile Include="assets\Action.cpp">
      <Filter>assets</Filter>
    </ClCompile>
    <ClCompile Include="assets\interfaces\Sellable.cpp">
      <Filter>assets\interfaces</Filter>
    </ClCompile>
    <ClCompile Include="assets\Dialogue.cpp">
      <Filter>assets</Filter>
    </ClCompile>
    <ClCompile Include="assets\Enemy.cpp">
      <Filter>assets</Filter>
    </ClCompile>
    <ClCompile Include="assets\Combat.cpp">
      <Filter>assets</Filter>
    </ClCompile>
    <ClCompile Include="assets\Encounters.cpp">
      <Filter>assets</Filter>
    </ClCompile>
  </ItemGroup>
  <ItemGroup>
    <ClInclude Include="include\Action.h">
      <Filter>include</Filter>
    </ClInclude>
    <ClInclude Include="include\Player.h">
      <Filter>include</Filter>
    </ClInclude>
    <ClInclude Include="include\items\tools\Axe.h">
      <Filter>include\items\tools</Filter>
    </ClInclude>
    <ClInclude Include="include\items\Cake.h">
      <Filter>include\items</Filter>
    </ClInclude>
    <ClInclude Include="include\interfaces\Material.h">
      <Filter>include\interfaces</Filter>
    </ClInclude>
    <ClInclude Include="include\interfaces\Craftable.h">
      <Filter>include\interfaces</Filter>
    </ClInclude>
    <ClInclude Include="include\interfaces\Item.h">
      <Filter>include\interfaces</Filter>
    </ClInclude>
    <ClInclude Include="include\items\tools\Sword.h">
      <Filter>include\items\tools</Filter>
    </ClInclude>
    <ClInclude Include="include\interfaces\Tool.h">
      <Filter>include\interfaces</Filter>
    </ClInclude>
    <ClInclude Include="include\interfaces\Sellable.h">
      <Filter>include\interfaces</Filter>
    </ClInclude>
    <ClInclude Include="include\Dialogue.h">
      <Filter>include</Filter>
    </ClInclude>
    <ClInclude Include="include\Enemy.h">
      <Filter>include</Filter>
    </ClInclude>
    <ClInclude Include="include\Combat.h">
      <Filter>include</Filter>
    </ClInclude>
    <ClInclude Include="include\Encounter.h">
      <Filter>include</Filter>
    </ClInclude>
  </ItemGroup>
  <ItemGroup>
    <None Include="data\values.json">
      <Filter>data</Filter>
    </None>
    <None Include="data\opening.json">
      <Filter>data</Filter>
    </None>
    <None Include="data\preBear.json">
      <Filter>data</Filter>
    </None>
    <None Include="data\postBear.json">
      <Filter>data</Filter>
    </None>
  </ItemGroup>
</Project>